{
  "name": "js_tutorial",
  "lockfileVersion": 2,
  "requires": true,
  "packages": {
    "": {
      "dependencies": {
        "epogue-palindrome": "^0.1.0"
      }
    },
    "node_modules/epogue-palindrome": {
      "version": "0.1.0",
      "resolved": "https://registry.npmjs.org/epogue-palindrome/-/epogue-palindrome-0.1.0.tgz",
      "integrity": "sha512-04pDAdhUJhrSzCL+pFQkRCvvB5yoytY7xBKEGRxF463EZ8H/H6X4V2NPICCu1u4n2l+ySGY5lURO+/Z7UcT5xw=="
    }
  },
  "dependencies": {
    "epogue-palindrome": {
      "version": "0.1.0",
      "resolved": "https://registry.npmjs.org/epogue-palindrome/-/epogue-palindrome-0.1.0.tgz",
      "integrity": "sha512-04pDAdhUJhrSzCL+pFQkRCvvB5yoytY7xBKEGRxF463EZ8H/H6X4V2NPICCu1u4n2l+ySGY5lURO+/Z7UcT5xw=="
    }
  }
}
