{
  "name": "js_tutorial",
  "lockfileVersion": 2,
  "requires": true,
  "packages": {
    "": {
      "dependencies": {
        "epogue-palindrome": "file:../../repos/palindrome"
      }
    },
    "../../repos/palindrome": {
      "version": "0.2.0",
      "license": "ISC"
    },
    "node_modules/epogue-palindrome": {
      "resolved": "../../repos/palindrome",
      "link": true
    }
  },
  "dependencies": {
    "epogue-palindrome": {
      "version": "file:../../repos/palindrome"
    }
  }
}
