{
  "name": "js_tutorial",
  "lockfileVersion": 2,
  "requires": true,
  "packages": {
    "": {
      "dependencies": {
        "epogue-palindrome": "^0.2.1"
      }
    },
    "../../repos/palindrome": {
      "name": "epogue-palindrome",
      "version": "0.2.1",
      "extraneous": true,
      "license": "ISC"
    },
    "node_modules/epogue-palindrome": {
      "version": "0.2.1",
      "resolved": "https://registry.npmjs.org/epogue-palindrome/-/epogue-palindrome-0.2.1.tgz",
      "integrity": "sha512-sfVasVg5fdTSg4+ljjWW4Apni/c9C0KW9qwFXdMw4zteAyHS8uZKwc+eHNYIrgeO8ITOv/VyIjc4NdPuIMOuXg=="
    }
  },
  "dependencies": {
    "epogue-palindrome": {
      "version": "0.2.1",
      "resolved": "https://registry.npmjs.org/epogue-palindrome/-/epogue-palindrome-0.2.1.tgz",
      "integrity": "sha512-sfVasVg5fdTSg4+ljjWW4Apni/c9C0KW9qwFXdMw4zteAyHS8uZKwc+eHNYIrgeO8ITOv/VyIjc4NdPuIMOuXg=="
    }
  }
}
